<?xml version="1.0" encoding="utf-8"?>
<Project ToolsVersion="4.0" xmlns="http://schemas.microsoft.com/developer/msbuild/2003">
  <ItemGroup>
    <ClInclude Include="ClientPlayerAnimationComponent.h" />
    <Filter Include="Scene">
      <UniqueIdentifier>{b035ceaa-e6d1-4e24-afc8-4420ad30a0d8}</UniqueIdentifier>
    </Filter>
    <Filter Include="GameInstance">
      <UniqueIdentifier>{b0b54c38-4b84-414f-b41a-5461b1014dbd}</UniqueIdentifier>
    </Filter>
    <Filter Include="00.Resources">
      <UniqueIdentifier>{67DA6AB6-F800-4c08-8B7A-83BB121AAD01}</UniqueIdentifier>
      <Extensions>rc;ico;cur;bmp;dlg;rc2;rct;bin;rgs;gif;jpg;jpeg;jpe;resx;tiff;tif;png;wav;mfcribbon-ms</Extensions>
    </Filter>
    <Filter Include="UserWidget">
      <UniqueIdentifier>{706e2c8b-3a96-492b-8101-9850bb8bf062}</UniqueIdentifier>
    </Filter>
  </ItemGroup>
  <ItemGroup>
    <ClCompile Include="ClientPlayerAnimationComponent.cpp" />
    <ClInclude Include="Resource.h">
      <Filter>00.Resources</Filter>
    </ClInclude>
    <ClInclude Include="targetver.h">
      <Filter>00.Resources</Filter>
    </ClInclude>
    <ClInclude Include="NetworkDemoGameInstance.h">
      <Filter>GameInstance</Filter>
    </ClInclude>
    <ClInclude Include="TitleScene.h">
      <Filter>Scene</Filter>
    </ClInclude>
    <ClInclude Include="ConnectWidget.h">
      <Filter>UserWidget</Filter>
    </ClInclude>
    <ClInclude Include="MainScene.h">
      <Filter>Scene</Filter>
    </ClInclude>
    <ClInclude Include="NameTagWidget.h">
      <Filter>UserWidget</Filter>
    </ClInclude>
    <ClInclude Include="ClientPlayerInputComponent.h" />
  </ItemGroup>
  <ItemGroup>
    <ResourceCompile Include="GameClient.rc">
      <Filter>00.Resources</Filter>
    </ResourceCompile>
  </ItemGroup>
  <ItemGroup>
    <Image Include="small.ico">
      <Filter>00.Resources</Filter>
    </Image>
    <Image Include="GameClient.ico">
      <Filter>00.Resources</Filter>
    </Image>
  </ItemGroup>
  <ItemGroup>
    <ClCompile Include="main.cpp">
      <Filter>GameInstance</Filter>
    </ClCompile>
    <ClCompile Include="NetworkDemoGameInstance.cpp">
      <Filter>GameInstance</Filter>
    </ClCompile>
    <ClCompile Include="TitleScene.cpp">
      <Filter>Scene</Filter>
    </ClCompile>
    <ClCompile Include="ConnectWidget.cpp">
      <Filter>UserWidget</Filter>
    </ClCompile>
    <ClCompile Include="MainScene.cpp">
      <Filter>Scene</Filter>
    </ClCompile>
    <ClCompile Include="NameTagWidget.cpp">
      <Filter>UserWidget</Filter>
    </ClCompile>
    <ClCompile Include="ClientPlayerInputComponent.cpp" />
  </ItemGroup>
</Project>
